
Microsoft Visual Studio Solution File, Format Version 12.00
# Visual Studio 15
VisualStudioVersion = 15.0.26124.0
MinimumVisualStudioVersion = 15.0.26124.0
Project("{2150E333-8FDC-42A3-9474-1A3956D46DE8}") = "src", "src", "{9C2587FA-5678-4D64-A654-CE07794A069C}"
EndProject
Project("{FAE04EC0-301F-11D3-BF4B-00C04F79EFBC}") = "Courier", "src\Courier\Courier.csproj", "{06F0847D-E564-4764-A18F-9FE8B212779D}"
EndProject
Project("{2150E333-8FDC-42A3-9474-1A3956D46DE8}") = "sample", "sample", "{71E9EE29-C8E7-45B0-A3F2-BE1C35ACABD8}"
EndProject
Project("{2150E333-8FDC-42A3-9474-1A3956D46DE8}") = "tests", "tests", "{7BD4D1E1-3C9F-43DA-98CC-67983EB7CFD4}"
EndProject
Project("{FAE04EC0-301F-11D3-BF4B-00C04F79EFBC}") = "Courier.UnitTests", "tests\UnitTests\Courier.UnitTests.csproj", "{BBFA2ABC-C5AA-432B-B69C-8E0EAB8E7319}"
EndProject
Project("{FAE04EC0-301F-11D3-BF4B-00C04F79EFBC}") = "Courier.AspNetCoreSample", "sample\Courier.AspNetCoreSample\Courier.AspNetCoreSample.csproj", "{90C1E7C0-3CF6-419A-951B-72FA969D4C47}"
EndProject
Project("{FAE04EC0-301F-11D3-BF4B-00C04F79EFBC}") = "Courier.BlazorWasmSample", "sample\Courier.BlazorWasmSample\Courier.BlazorWasmSample.csproj", "{84BD8D03-EF1A-4944-92CB-9A3E2CB4E183}"
EndProject
Global
	GlobalSection(SolutionConfigurationPlatforms) = preSolution
		Debug|Any CPU = Debug|Any CPU
		Debug|x64 = Debug|x64
		Debug|x86 = Debug|x86
		Release|Any CPU = Release|Any CPU
		Release|x64 = Release|x64
		Release|x86 = Release|x86
	EndGlobalSection
	GlobalSection(SolutionProperties) = preSolution
		HideSolutionNode = FALSE
	EndGlobalSection
	GlobalSection(ProjectConfigurationPlatforms) = postSolution
		{06F0847D-E564-4764-A18F-9FE8B212779D}.Debug|Any CPU.ActiveCfg = Debug|Any CPU
		{06F0847D-E564-4764-A18F-9FE8B212779D}.Debug|Any CPU.Build.0 = Debug|Any CPU
		{06F0847D-E564-4764-A18F-9FE8B212779D}.Debug|x64.ActiveCfg = Debug|Any CPU
		{06F0847D-E564-4764-A18F-9FE8B212779D}.Debug|x64.Build.0 = Debug|Any CPU
		{06F0847D-E564-4764-A18F-9FE8B212779D}.Debug|x86.ActiveCfg = Debug|Any CPU
		{06F0847D-E564-4764-A18F-9FE8B212779D}.Debug|x86.Build.0 = Debug|Any CPU
		{06F0847D-E564-4764-A18F-9FE8B212779D}.Release|Any CPU.ActiveCfg = Release|Any CPU
		{06F0847D-E564-4764-A18F-9FE8B212779D}.Release|Any CPU.Build.0 = Release|Any CPU
		{06F0847D-E564-4764-A18F-9FE8B212779D}.Release|x64.ActiveCfg = Release|Any CPU
		{06F0847D-E564-4764-A18F-9FE8B212779D}.Release|x64.Build.0 = Release|Any CPU
		{06F0847D-E564-4764-A18F-9FE8B212779D}.Release|x86.ActiveCfg = Release|Any CPU
		{06F0847D-E564-4764-A18F-9FE8B212779D}.Release|x86.Build.0 = Release|Any CPU
		{BBFA2ABC-C5AA-432B-B69C-8E0EAB8E7319}.Debug|Any CPU.ActiveCfg = Debug|Any CPU
		{BBFA2ABC-C5AA-432B-B69C-8E0EAB8E7319}.Debug|Any CPU.Build.0 = Debug|Any CPU
		{BBFA2ABC-C5AA-432B-B69C-8E0EAB8E7319}.Debug|x64.ActiveCfg = Debug|Any CPU
		{BBFA2ABC-C5AA-432B-B69C-8E0EAB8E7319}.Debug|x64.Build.0 = Debug|Any CPU
		{BBFA2ABC-C5AA-432B-B69C-8E0EAB8E7319}.Debug|x86.ActiveCfg = Debug|Any CPU
		{BBFA2ABC-C5AA-432B-B69C-8E0EAB8E7319}.Debug|x86.Build.0 = Debug|Any CPU
		{BBFA2ABC-C5AA-432B-B69C-8E0EAB8E7319}.Release|Any CPU.ActiveCfg = Release|Any CPU
		{BBFA2ABC-C5AA-432B-B69C-8E0EAB8E7319}.Release|Any CPU.Build.0 = Release|Any CPU
		{BBFA2ABC-C5AA-432B-B69C-8E0EAB8E7319}.Release|x64.ActiveCfg = Release|Any CPU
		{BBFA2ABC-C5AA-432B-B69C-8E0EAB8E7319}.Release|x64.Build.0 = Release|Any CPU
		{BBFA2ABC-C5AA-432B-B69C-8E0EAB8E7319}.Release|x86.ActiveCfg = Release|Any CPU
		{BBFA2ABC-C5AA-432B-B69C-8E0EAB8E7319}.Release|x86.Build.0 = Release|Any CPU
		{90C1E7C0-3CF6-419A-951B-72FA969D4C47}.Debug|Any CPU.ActiveCfg = Debug|Any CPU
		{90C1E7C0-3CF6-419A-951B-72FA969D4C47}.Debug|Any CPU.Build.0 = Debug|Any CPU
		{90C1E7C0-3CF6-419A-951B-72FA969D4C47}.Debug|x64.ActiveCfg = Debug|Any CPU
		{90C1E7C0-3CF6-419A-951B-72FA969D4C47}.Debug|x64.Build.0 = Debug|Any CPU
		{90C1E7C0-3CF6-419A-951B-72FA969D4C47}.Debug|x86.ActiveCfg = Debug|Any CPU
		{90C1E7C0-3CF6-419A-951B-72FA969D4C47}.Debug|x86.Build.0 = Debug|Any CPU
		{90C1E7C0-3CF6-419A-951B-72FA969D4C47}.Release|Any CPU.ActiveCfg = Release|Any CPU
		{90C1E7C0-3CF6-419A-951B-72FA969D4C47}.Release|Any CPU.Build.0 = Release|Any CPU
		{90C1E7C0-3CF6-419A-951B-72FA969D4C47}.Release|x64.ActiveCfg = Release|Any CPU
		{90C1E7C0-3CF6-419A-951B-72FA969D4C47}.Release|x64.Build.0 = Release|Any CPU
		{90C1E7C0-3CF6-419A-951B-72FA969D4C47}.Release|x86.ActiveCfg = Release|Any CPU
		{90C1E7C0-3CF6-419A-951B-72FA969D4C47}.Release|x86.Build.0 = Release|Any CPU
		{84BD8D03-EF1A-4944-92CB-9A3E2CB4E183}.Debug|Any CPU.ActiveCfg = Debug|Any CPU
		{84BD8D03-EF1A-4944-92CB-9A3E2CB4E183}.Debug|Any CPU.Build.0 = Debug|Any CPU
		{84BD8D03-EF1A-4944-92CB-9A3E2CB4E183}.Debug|x64.ActiveCfg = Debug|Any CPU
		{84BD8D03-EF1A-4944-92CB-9A3E2CB4E183}.Debug|x64.Build.0 = Debug|Any CPU
		{84BD8D03-EF1A-4944-92CB-9A3E2CB4E183}.Debug|x86.ActiveCfg = Debug|Any CPU
		{84BD8D03-EF1A-4944-92CB-9A3E2CB4E183}.Debug|x86.Build.0 = Debug|Any CPU
		{84BD8D03-EF1A-4944-92CB-9A3E2CB4E183}.Release|Any CPU.ActiveCfg = Release|Any CPU
		{84BD8D03-EF1A-4944-92CB-9A3E2CB4E183}.Release|Any CPU.Build.0 = Release|Any CPU
		{84BD8D03-EF1A-4944-92CB-9A3E2CB4E183}.Release|x64.ActiveCfg = Release|Any CPU
		{84BD8D03-EF1A-4944-92CB-9A3E2CB4E183}.Release|x64.Build.0 = Release|Any CPU
		{84BD8D03-EF1A-4944-92CB-9A3E2CB4E183}.Release|x86.ActiveCfg = Release|Any CPU
		{84BD8D03-EF1A-4944-92CB-9A3E2CB4E183}.Release|x86.Build.0 = Release|Any CPU
	EndGlobalSection
	GlobalSection(NestedProjects) = preSolution
		{06F0847D-E564-4764-A18F-9FE8B212779D} = {9C2587FA-5678-4D64-A654-CE07794A069C}
		{BBFA2ABC-C5AA-432B-B69C-8E0EAB8E7319} = {7BD4D1E1-3C9F-43DA-98CC-67983EB7CFD4}
		{90C1E7C0-3CF6-419A-951B-72FA969D4C47} = {71E9EE29-C8E7-45B0-A3F2-BE1C35ACABD8}
		{84BD8D03-EF1A-4944-92CB-9A3E2CB4E183} = {71E9EE29-C8E7-45B0-A3F2-BE1C35ACABD8}
	EndGlobalSection
EndGlobal
