
Microsoft Visual Studio Solution File, Format Version 12.00
# Visual Studio 15
VisualStudioVersion = 15.0.26124.0
MinimumVisualStudioVersion = 15.0.26124.0
Project("{2150E333-8FDC-42A3-9474-1A3956D46DE8}") = "src", "src", "{9C2587FA-5678-4D64-A654-CE07794A069C}"
EndProject
Project("{FAE04EC0-301F-11D3-BF4B-00C04F79EFBC}") = "Courier", "src\Courier\Courier.csproj", "{06F0847D-E564-4764-A18F-9FE8B212779D}"
EndProject
Project("{2150E333-8FDC-42A3-9474-1A3956D46DE8}") = "sample", "sample", "{71E9EE29-C8E7-45B0-A3F2-BE1C35ACABD8}"
EndProject
Project("{FAE04EC0-301F-11D3-BF4B-00C04F79EFBC}") = "Courier.AspNetCoreSample", "sample\Courier.AspNetCoreSample\Courier.AspNetCoreSample.csproj", "{20CA0BF7-1EAD-49FC-8D5B-C2877A60B07C}"
EndProject
Global
	GlobalSection(SolutionConfigurationPlatforms) = preSolution
		Debug|Any CPU = Debug|Any CPU
		Debug|x64 = Debug|x64
		Debug|x86 = Debug|x86
		Release|Any CPU = Release|Any CPU
		Release|x64 = Release|x64
		Release|x86 = Release|x86
	EndGlobalSection
	GlobalSection(SolutionProperties) = preSolution
		HideSolutionNode = FALSE
	EndGlobalSection
	GlobalSection(ProjectConfigurationPlatforms) = postSolution
		{06F0847D-E564-4764-A18F-9FE8B212779D}.Debug|Any CPU.ActiveCfg = Debug|Any CPU
		{06F0847D-E564-4764-A18F-9FE8B212779D}.Debug|Any CPU.Build.0 = Debug|Any CPU
		{06F0847D-E564-4764-A18F-9FE8B212779D}.Debug|x64.ActiveCfg = Debug|Any CPU
		{06F0847D-E564-4764-A18F-9FE8B212779D}.Debug|x64.Build.0 = Debug|Any CPU
		{06F0847D-E564-4764-A18F-9FE8B212779D}.Debug|x86.ActiveCfg = Debug|Any CPU
		{06F0847D-E564-4764-A18F-9FE8B212779D}.Debug|x86.Build.0 = Debug|Any CPU
		{06F0847D-E564-4764-A18F-9FE8B212779D}.Release|Any CPU.ActiveCfg = Release|Any CPU
		{06F0847D-E564-4764-A18F-9FE8B212779D}.Release|Any CPU.Build.0 = Release|Any CPU
		{06F0847D-E564-4764-A18F-9FE8B212779D}.Release|x64.ActiveCfg = Release|Any CPU
		{06F0847D-E564-4764-A18F-9FE8B212779D}.Release|x64.Build.0 = Release|Any CPU
		{06F0847D-E564-4764-A18F-9FE8B212779D}.Release|x86.ActiveCfg = Release|Any CPU
		{06F0847D-E564-4764-A18F-9FE8B212779D}.Release|x86.Build.0 = Release|Any CPU
		{20CA0BF7-1EAD-49FC-8D5B-C2877A60B07C}.Debug|Any CPU.ActiveCfg = Debug|Any CPU
		{20CA0BF7-1EAD-49FC-8D5B-C2877A60B07C}.Debug|Any CPU.Build.0 = Debug|Any CPU
		{20CA0BF7-1EAD-49FC-8D5B-C2877A60B07C}.Debug|x64.ActiveCfg = Debug|Any CPU
		{20CA0BF7-1EAD-49FC-8D5B-C2877A60B07C}.Debug|x64.Build.0 = Debug|Any CPU
		{20CA0BF7-1EAD-49FC-8D5B-C2877A60B07C}.Debug|x86.ActiveCfg = Debug|Any CPU
		{20CA0BF7-1EAD-49FC-8D5B-C2877A60B07C}.Debug|x86.Build.0 = Debug|Any CPU
		{20CA0BF7-1EAD-49FC-8D5B-C2877A60B07C}.Release|Any CPU.ActiveCfg = Release|Any CPU
		{20CA0BF7-1EAD-49FC-8D5B-C2877A60B07C}.Release|Any CPU.Build.0 = Release|Any CPU
		{20CA0BF7-1EAD-49FC-8D5B-C2877A60B07C}.Release|x64.ActiveCfg = Release|Any CPU
		{20CA0BF7-1EAD-49FC-8D5B-C2877A60B07C}.Release|x64.Build.0 = Release|Any CPU
		{20CA0BF7-1EAD-49FC-8D5B-C2877A60B07C}.Release|x86.ActiveCfg = Release|Any CPU
		{20CA0BF7-1EAD-49FC-8D5B-C2877A60B07C}.Release|x86.Build.0 = Release|Any CPU
	EndGlobalSection
	GlobalSection(NestedProjects) = preSolution
		{06F0847D-E564-4764-A18F-9FE8B212779D} = {9C2587FA-5678-4D64-A654-CE07794A069C}
		{20CA0BF7-1EAD-49FC-8D5B-C2877A60B07C} = {71E9EE29-C8E7-45B0-A3F2-BE1C35ACABD8}
	EndGlobalSection
EndGlobal
